
Microsoft Visual Studio Solution File, Format Version 12.00
# Visual Studio 15
VisualStudioVersion = 15.0.27703.2047
MinimumVisualStudioVersion = 10.0.40219.1
Project("{F184B08F-C81C-45F6-A57F-5ABD9991F28F}") = "Builder", "Builder\Builder.vbproj", "{FD2C975D-93EF-4E95-BABB-3835E81393D3}"
EndProject
Global
	GlobalSection(SolutionConfigurationPlatforms) = preSolution
		Debug|Any CPU = Debug|Any CPU
		Release|Any CPU = Release|Any CPU
	EndGlobalSection
	GlobalSection(ProjectConfigurationPlatforms) = postSolution
		{FD2C975D-93EF-4E95-BABB-3835E81393D3}.Debug|Any CPU.ActiveCfg = Debug|Any CPU
		{FD2C975D-93EF-4E95-BABB-3835E81393D3}.Debug|Any CPU.Build.0 = Debug|Any CPU
		{FD2C975D-93EF-4E95-BABB-3835E81393D3}.Release|Any CPU.ActiveCfg = Release|Any CPU
		{FD2C975D-93EF-4E95-BABB-3835E81393D3}.Release|Any CPU.Build.0 = Release|Any CPU
	EndGlobalSection
	GlobalSection(SolutionProperties) = preSolution
		HideSolutionNode = FALSE
	EndGlobalSection
	GlobalSection(ExtensibilityGlobals) = postSolution
		SolutionGuid = {454D0E96-9B42-4893-B9C1-005A953D0856}
	EndGlobalSection
EndGlobal
