
Microsoft Visual Studio Solution File, Format Version 12.00
# Visual Studio 15
VisualStudioVersion = 15.0.27703.2000
MinimumVisualStudioVersion = 10.0.40219.1
Project("{F184B08F-C81C-45F6-A57F-5ABD9991F28F}") = "Payload", "Payload\Payload.vbproj", "{DBD3F93D-E0C4-4C60-B070-686504B7A2E5}"
EndProject
Global
	GlobalSection(SolutionConfigurationPlatforms) = preSolution
		Debug|Any CPU = Debug|Any CPU
		Release|Any CPU = Release|Any CPU
	EndGlobalSection
	GlobalSection(ProjectConfigurationPlatforms) = postSolution
		{DBD3F93D-E0C4-4C60-B070-686504B7A2E5}.Debug|Any CPU.ActiveCfg = Debug|Any CPU
		{DBD3F93D-E0C4-4C60-B070-686504B7A2E5}.Debug|Any CPU.Build.0 = Debug|Any CPU
		{DBD3F93D-E0C4-4C60-B070-686504B7A2E5}.Release|Any CPU.ActiveCfg = Release|Any CPU
		{DBD3F93D-E0C4-4C60-B070-686504B7A2E5}.Release|Any CPU.Build.0 = Release|Any CPU
	EndGlobalSection
	GlobalSection(SolutionProperties) = preSolution
		HideSolutionNode = FALSE
	EndGlobalSection
	GlobalSection(ExtensibilityGlobals) = postSolution
		SolutionGuid = {E88AFDF7-A5DE-4C72-A057-BA7B0B9D6B39}
	EndGlobalSection
EndGlobal
